{
  "lockfile_version": "1",
  "packages": {
    "bat@latest": {
      "last_modified": "2023-10-25T20:49:13Z",
      "resolved": "github:NixOS/nixpkgs/75a52265bda7fd25e06e3a67dee3f0354e73243c#bat",
      "source": "devbox-search",
      "version": "0.24.0",
      "systems": {
        "aarch64-darwin": {
          "store_path": "/nix/store/bl96qn8bhksydwy3hzriwxbrwc4j053w-bat-0.24.0"
        },
        "aarch64-linux": {
          "store_path": "/nix/store/2amf3k4klpjcm2j2xnj0659nls1kj8wl-bat-0.24.0"
        },
        "x86_64-darwin": {
          "store_path": "/nix/store/38w7dqa1spl7dnl5mzlscmxgnpwas84h-bat-0.24.0"
        },
        "x86_64-linux": {
          "store_path": "/nix/store/gfgrs376cgjb67sprbvv7c0lbwaijxi5-bat-0.24.0"
        }
      }
    },
    "cargo@latest": {
      "last_modified": "2023-10-25T20:49:13Z",
      "resolved": "github:NixOS/nixpkgs/75a52265bda7fd25e06e3a67dee3f0354e73243c#cargo",
      "source": "devbox-search",
      "version": "1.72.1",
      "systems": {
        "aarch64-darwin": {
          "store_path": "/nix/store/4qdazhg6d6ck4ry9wh099f25hfgkpg5k-cargo-1.72.1"
        },
        "aarch64-linux": {
          "store_path": "/nix/store/0znh2lixpcvhknbv6xv4ci67n6rwqbnh-cargo-1.72.1"
        },
        "x86_64-darwin": {
          "store_path": "/nix/store/80ky4iqiwxiw6sicd3cmv08rwsnf34al-cargo-1.72.1"
        },
        "x86_64-linux": {
          "store_path": "/nix/store/3svcwwimgvi62hl5a288gcpl905756h8-cargo-1.72.1"
        }
      }
    },
    "cmake@latest": {
      "last_modified": "2023-10-25T20:49:13Z",
      "resolved": "github:NixOS/nixpkgs/75a52265bda7fd25e06e3a67dee3f0354e73243c#cmake",
      "source": "devbox-search",
      "version": "3.26.4",
      "systems": {
        "aarch64-darwin": {
          "store_path": "/nix/store/4xz4cm2clnydmm57ybspk6vhy8n3jqla-cmake-3.26.4"
        },
        "aarch64-linux": {
          "store_path": "/nix/store/gvq8kmlamwjggjapbyw37i4cspajsplc-cmake-3.26.4"
        },
        "x86_64-darwin": {
          "store_path": "/nix/store/8f78i41zqic2py9zb49kx9gw4jl4kjhr-cmake-3.26.4"
        },
        "x86_64-linux": {
          "store_path": "/nix/store/5h0akwq4cwlc3yp92i84nfgcxpv5xv79-cmake-3.26.4"
        }
      }
    },
    "curl@latest": {
      "last_modified": "2023-11-07T07:44:29Z",
      "resolved": "github:NixOS/nixpkgs/ec750fd01963ab6b20ee1f0cb488754e8036d89d#curl",
      "source": "devbox-search",
      "version": "8.4.0",
      "systems": {
        "aarch64-darwin": {
          "store_path": "/nix/store/x7km8sc29zkz3p4d44si597ll6yxzyns-curl-8.4.0-bin"
        },
        "aarch64-linux": {
          "store_path": "/nix/store/vxf7isck49zwz1cs5akdj4496bjbqsj6-curl-8.4.0-bin"
        },
        "x86_64-darwin": {
          "store_path": "/nix/store/4i17yl7bs737jymqfxp18m2qgc48hv5l-curl-8.4.0-bin"
        },
        "x86_64-linux": {
          "store_path": "/nix/store/0g1lq3vff290wainxdlbz9a18m28pr4r-curl-8.4.0-bin"
        }
      }
    },
    "fd@latest": {
      "last_modified": "2023-10-25T20:49:13Z",
      "resolved": "github:NixOS/nixpkgs/75a52265bda7fd25e06e3a67dee3f0354e73243c#fd",
      "source": "devbox-search",
      "version": "8.7.1",
      "systems": {
        "aarch64-darwin": {
          "store_path": "/nix/store/zjcd76xy0pa4j7szpaz2bvx65cnwz6xc-fd-8.7.1"
        },
        "aarch64-linux": {
          "store_path": "/nix/store/2lja07bw2c8zal3yklh9xs0vl1w5wfr1-fd-8.7.1"
        },
        "x86_64-darwin": {
          "store_path": "/nix/store/98jgjzwp6p7y6ih6xl7p9ak1s4lgi9i2-fd-8.7.1"
        },
        "x86_64-linux": {
          "store_path": "/nix/store/6fr35vv2g25invmk38w8k34jq8jakqip-fd-8.7.1"
        }
      }
    },
    "fzf@latest": {
      "last_modified": "2023-10-25T20:49:13Z",
      "resolved": "github:NixOS/nixpkgs/75a52265bda7fd25e06e3a67dee3f0354e73243c#fzf",
      "source": "devbox-search",
      "version": "0.43.0",
      "systems": {
        "aarch64-darwin": {
          "store_path": "/nix/store/2hm43aijz39nwrlbmwhgar2bhfyvnn2v-fzf-0.43.0"
        },
        "aarch64-linux": {
          "store_path": "/nix/store/dfkn0mcn8z0hjdqdrffgah4c312sh2d7-fzf-0.43.0"
        },
        "x86_64-darwin": {
          "store_path": "/nix/store/f7xchmsk3s8g8nnqmvrpk81xnfm3d5m7-fzf-0.43.0"
        },
        "x86_64-linux": {
          "store_path": "/nix/store/aj9zxwdi41aamjda9grlmck2svqd6ymi-fzf-0.43.0"
        }
      }
    },
    "gh@latest": {
      "last_modified": "2023-11-02T13:29:18Z",
      "resolved": "github:NixOS/nixpkgs/b644d97bda6dae837d577e28383c10aa51e5e2d2#gh",
      "source": "devbox-search",
      "version": "2.38.0",
      "systems": {
        "aarch64-darwin": {
          "store_path": "/nix/store/1np9bww2smy5r0plza1d0nwy86s6f1l2-gh-2.38.0"
        },
        "aarch64-linux": {
          "store_path": "/nix/store/jl19klfijmkvkvfnky9ydn04jrfc7pc5-gh-2.38.0"
        },
        "x86_64-darwin": {
          "store_path": "/nix/store/f09v0hzvsh5arx3qk8a02vxxvmq0m3d9-gh-2.38.0"
        },
        "x86_64-linux": {
          "store_path": "/nix/store/3sbkbkq8h4561wgbmrrfbq00cscg5c3v-gh-2.38.0"
        }
      }
    },
    "go@latest": {
      "last_modified": "2023-10-25T20:49:13Z",
      "resolved": "github:NixOS/nixpkgs/75a52265bda7fd25e06e3a67dee3f0354e73243c#go",
      "source": "devbox-search",
      "version": "1.21.3",
      "systems": {
        "aarch64-darwin": {
          "store_path": "/nix/store/1fxz1flmv4a4m5pvjmmzxlaznjzybjcp-go-1.21.3"
        },
        "aarch64-linux": {
          "store_path": "/nix/store/iyaywzzkhm1pi5ysd83ai9pdpic9b9ny-go-1.21.3"
        },
        "x86_64-darwin": {
          "store_path": "/nix/store/yqqhrzr15819draxsyqrn2hf5c22ffhk-go-1.21.3"
        },
        "x86_64-linux": {
          "store_path": "/nix/store/dwmb0qcai52d0zkgpm6f5ifx2a8yvsdg-go-1.21.3"
        }
      }
    },
    "htop@latest": {
      "last_modified": "2023-10-25T20:49:13Z",
      "resolved": "github:NixOS/nixpkgs/75a52265bda7fd25e06e3a67dee3f0354e73243c#htop",
      "source": "devbox-search",
      "version": "3.2.2",
      "systems": {
        "aarch64-darwin": {
          "store_path": "/nix/store/6rkzh1paxmxbclaq9r4fj0gj7lmjdsgq-htop-3.2.2"
        },
        "aarch64-linux": {
          "store_path": "/nix/store/a314gdnjr969n0hk1nffcskdivskv5dc-htop-3.2.2"
        },
        "x86_64-darwin": {
          "store_path": "/nix/store/qzcg7b81imr9ig3352nf293nszfb6kpy-htop-3.2.2"
        },
        "x86_64-linux": {
          "store_path": "/nix/store/2vsn5a0d6z2lk14znl1yajfckkbj683m-htop-3.2.2"
        }
      }
    },
    "keychain@latest": {
      "last_modified": "2023-11-02T13:29:18Z",
      "resolved": "github:NixOS/nixpkgs/b644d97bda6dae837d577e28383c10aa51e5e2d2#keychain",
      "source": "devbox-search",
      "version": "2.8.5",
      "systems": {
        "aarch64-darwin": {
          "store_path": "/nix/store/bphnazp4cs6y4pz34pgn9aq4l2zvr9dq-keychain-2.8.5"
        },
        "aarch64-linux": {
          "store_path": "/nix/store/vdgh32km5m8xvi690i1zsr2p2zg9zl8r-keychain-2.8.5"
        },
        "x86_64-darwin": {
          "store_path": "/nix/store/pnmbcw3m75dx48p2d3pkqczkad23y7sj-keychain-2.8.5"
        },
        "x86_64-linux": {
          "store_path": "/nix/store/2nz4vz5algbrk75g38rl19cax1yfh8x7-keychain-2.8.5"
        }
      }
    },
    "lazydocker@latest": {
      "last_modified": "2023-10-25T20:49:13Z",
      "resolved": "github:NixOS/nixpkgs/75a52265bda7fd25e06e3a67dee3f0354e73243c#lazydocker",
      "source": "devbox-search",
      "version": "0.23.1",
      "systems": {
        "aarch64-darwin": {
          "store_path": "/nix/store/lgdwg3b5igd5jdl9505ipz8sys46qkb6-lazydocker-0.23.1"
        },
        "aarch64-linux": {
          "store_path": "/nix/store/2wf0v2vmv6kvk4gb8a3g4ab8pcvnxi1i-lazydocker-0.23.1"
        },
        "x86_64-darwin": {
          "store_path": "/nix/store/hdv45x9bg44iaf43g9w5fi42g9a97ag5-lazydocker-0.23.1"
        },
        "x86_64-linux": {
          "store_path": "/nix/store/n7ifz2njz7gj8p0kal0in1vjciyg5hhd-lazydocker-0.23.1"
        }
      }
    },
    "lazygit@latest": {
      "last_modified": "2023-10-25T20:49:13Z",
      "resolved": "github:NixOS/nixpkgs/75a52265bda7fd25e06e3a67dee3f0354e73243c#lazygit",
      "source": "devbox-search",
      "version": "0.40.2",
      "systems": {
        "aarch64-darwin": {
          "store_path": "/nix/store/095d788yn0czhs6cqsgwi88h3x97dq79-lazygit-0.40.2"
        },
        "aarch64-linux": {
          "store_path": "/nix/store/6zgnd6j5j8s1cncd1z96jr4qwf6h3z3s-lazygit-0.40.2"
        },
        "x86_64-darwin": {
          "store_path": "/nix/store/5yimjz08cpvqvb7if47s3vi66pz8j1m5-lazygit-0.40.2"
        },
        "x86_64-linux": {
          "store_path": "/nix/store/41q3xmsm6dk211s2737bbwnbp2jcw2b3-lazygit-0.40.2"
        }
      }
    },
    "libiconv@latest": {
      "last_modified": "2023-10-25T20:49:13Z",
      "resolved": "github:NixOS/nixpkgs/75a52265bda7fd25e06e3a67dee3f0354e73243c#libiconv",
      "source": "devbox-search",
      "version": "2.38",
      "systems": {
        "aarch64-linux": {
          "store_path": "/nix/store/acjh1rsdzh0c33dakbf7qfshpqr2j2hs-glibc-iconv-2.38"
        },
        "x86_64-linux": {
          "store_path": "/nix/store/q5hb3hc2sh0ddnygf5xc6df6qhnvq32g-glibc-iconv-2.38"
        }
      }
    },
    "neovim@latest": {
      "last_modified": "2023-10-25T20:49:13Z",
      "resolved": "github:NixOS/nixpkgs/75a52265bda7fd25e06e3a67dee3f0354e73243c#neovim",
      "source": "devbox-search",
      "version": "0.9.4",
      "systems": {
        "aarch64-darwin": {
          "store_path": "/nix/store/cdgkcmg3s3wyvwswzz8nnfl88a2gy6aq-neovim-0.9.4"
        },
        "aarch64-linux": {
          "store_path": "/nix/store/bdrvg07bz5pc30ld68iljf3pn4d8621q-neovim-0.9.4"
        },
        "x86_64-darwin": {
          "store_path": "/nix/store/bai0m13zl8zwfdpzwxc5dqhxm0dj3agz-neovim-0.9.4"
        },
        "x86_64-linux": {
          "store_path": "/nix/store/4zy5qzxgdwk1k9ffibj7cg5rj64p5zwf-neovim-0.9.4"
        }
      }
    },
    "nodejs@latest": {
      "last_modified": "2023-10-25T20:49:13Z",
      "resolved": "github:NixOS/nixpkgs/75a52265bda7fd25e06e3a67dee3f0354e73243c#nodejs_21",
      "source": "devbox-search",
      "version": "21.1.0",
      "systems": {
        "aarch64-darwin": {
          "store_path": "/nix/store/b8yb6gs0dhi0zlxcg5dkp0d2xrn80nhh-nodejs-21.1.0"
        },
        "aarch64-linux": {
          "store_path": "/nix/store/c20ngwkh3xzpzvmxkffccaxygyiqw3n2-nodejs-21.1.0"
        },
        "x86_64-darwin": {
          "store_path": "/nix/store/6wyanl2ba86pc2jb6nvg212xpq7j7kij-nodejs-21.1.0"
        },
        "x86_64-linux": {
          "store_path": "/nix/store/wl7yqxb1mhghpp6b8icykcm5wysfqarz-nodejs-21.1.0"
        }
      }
    },
    "ntfy-sh@latest": {
      "last_modified": "2023-11-03T18:06:11Z",
      "resolved": "github:NixOS/nixpkgs/27ead4fec31f241baed776d046b1dcac431a5919#ntfy-sh",
      "source": "devbox-search",
      "version": "2.7.0",
      "systems": {
        "aarch64-darwin": {
          "store_path": "/nix/store/5rdaal871fshqhlvjqr8b2wx4wq3z2za-ntfy-sh-2.7.0"
        },
        "aarch64-linux": {
          "store_path": "/nix/store/r18yqivv3ijjskfg0d5x9h8x0h354x5k-ntfy-sh-2.7.0"
        },
        "x86_64-darwin": {
          "store_path": "/nix/store/46jldzvdylb0c4by1gs0phdfvs872kqk-ntfy-sh-2.7.0"
        },
        "x86_64-linux": {
          "store_path": "/nix/store/hwmjqsk22c6w7hjmwlcvs1xp76k29yn6-ntfy-sh-2.7.0"
        }
      }
    },
    "parallel@latest": {
      "last_modified": "2023-11-02T13:29:18Z",
      "resolved": "github:NixOS/nixpkgs/b644d97bda6dae837d577e28383c10aa51e5e2d2#parallel",
      "source": "devbox-search",
      "version": "20230922",
      "systems": {
        "aarch64-darwin": {
          "store_path": "/nix/store/hilx2qa0xzhb26hxisx745035jqbd24n-parallel-20230922"
        },
        "aarch64-linux": {
          "store_path": "/nix/store/nd61jcpz21x7jq43q0y3nwvq56nnj0d0-parallel-20230922"
        },
        "x86_64-darwin": {
          "store_path": "/nix/store/yqr4fivf9lsh40y3yz8v8arj3rz8v8ic-parallel-20230922"
        },
        "x86_64-linux": {
          "store_path": "/nix/store/1c53q37fi83qfk1acpb349a0h06jh8ax-parallel-20230922"
        }
      }
    },
    "rbw@latest": {
      "last_modified": "2023-10-25T20:49:13Z",
      "resolved": "github:NixOS/nixpkgs/75a52265bda7fd25e06e3a67dee3f0354e73243c#rbw",
      "source": "devbox-search",
      "version": "1.8.3",
      "systems": {
        "aarch64-darwin": {
          "store_path": "/nix/store/85z3pk1ns3m9s75a50fqzlfhi1vxfhi4-rbw-1.8.3"
        },
        "aarch64-linux": {
          "store_path": "/nix/store/f6swyp4qpxyky4v24dwmh4w0anqk02yz-rbw-1.8.3"
        },
        "x86_64-darwin": {
          "store_path": "/nix/store/w31fkb1cblrsm7p0c1nrb9g6yhlkpql7-rbw-1.8.3"
        },
        "x86_64-linux": {
          "store_path": "/nix/store/06bziy6xsgxq276qc7jw733x27v94z99-rbw-1.8.3"
        }
      }
    },
    "ripgrep@latest": {
      "last_modified": "2023-10-25T20:49:13Z",
      "resolved": "github:NixOS/nixpkgs/75a52265bda7fd25e06e3a67dee3f0354e73243c#ripgrep",
      "source": "devbox-search",
      "version": "13.0.0",
      "systems": {
        "aarch64-darwin": {
          "store_path": "/nix/store/xsgn3i85d98ayfmzqiw5gpy4hnls0f28-ripgrep-13.0.0"
        },
        "aarch64-linux": {
          "store_path": "/nix/store/c7f2l8l0h5p986z2agpcwf706cxh1048-ripgrep-13.0.0"
        },
        "x86_64-darwin": {
          "store_path": "/nix/store/lb6xa8qla0gaz5vng6x7lwf8pm2r66ls-ripgrep-13.0.0"
        },
        "x86_64-linux": {
          "store_path": "/nix/store/x8gff7zw0xn2kzj0xi36kwkwh5irl9mw-ripgrep-13.0.0"
        }
      }
    },
    "rsync@latest": {
      "last_modified": "2023-10-25T20:49:13Z",
      "resolved": "github:NixOS/nixpkgs/75a52265bda7fd25e06e3a67dee3f0354e73243c#rsync",
      "source": "devbox-search",
      "version": "3.2.7",
      "systems": {
        "aarch64-darwin": {
          "store_path": "/nix/store/n5585szrdnqyay71fzwv72f8cg85n9pi-rsync-3.2.7"
        },
        "aarch64-linux": {
          "store_path": "/nix/store/xx0f3s37qljjlcljxj3k0wiqg2p4qimk-rsync-3.2.7"
        },
        "x86_64-darwin": {
          "store_path": "/nix/store/cb6xirdrix8ax3xm763i14qr37dax3yd-rsync-3.2.7"
        },
        "x86_64-linux": {
          "store_path": "/nix/store/i9dgn6ymv732q5gzw669y6y9zxsv3x2z-rsync-3.2.7"
        }
      }
    },
    "rustup@latest": {
      "last_modified": "2023-10-25T20:49:13Z",
      "plugin_version": "0.0.1",
      "resolved": "github:NixOS/nixpkgs/75a52265bda7fd25e06e3a67dee3f0354e73243c#rustup",
      "source": "devbox-search",
      "version": "1.26.0",
      "systems": {
        "aarch64-darwin": {
          "store_path": "/nix/store/4m1fx36b77rsc3b4b15r02hdvl6a2vlh-rustup-1.26.0"
        },
        "aarch64-linux": {
          "store_path": "/nix/store/4pzfhdgpyjbh0qggqwpf9mdrd0ra1yvd-rustup-1.26.0"
        },
        "x86_64-darwin": {
          "store_path": "/nix/store/9icr959bamjj8q6ljcrn6wasgbvp0xp2-rustup-1.26.0"
        },
        "x86_64-linux": {
          "store_path": "/nix/store/0cn8dalwkmdark0zhpyn05453vb2lnds-rustup-1.26.0"
        }
      }
    },
    "skim@latest": {
      "last_modified": "2023-10-25T20:49:13Z",
      "resolved": "github:NixOS/nixpkgs/75a52265bda7fd25e06e3a67dee3f0354e73243c#skim",
      "source": "devbox-search",
      "version": "0.10.4",
      "systems": {
        "aarch64-darwin": {
          "store_path": "/nix/store/3mz9ajiris1pl3wd3zg8c66c3ffgs07s-skim-0.10.4"
        },
        "aarch64-linux": {
          "store_path": "/nix/store/bid8rkpniqq598x8qnf8z54v46k76pkh-skim-0.10.4"
        },
        "x86_64-darwin": {
          "store_path": "/nix/store/vpf0xnq2sarnamxkm2r9cwfvqq7w4yl0-skim-0.10.4"
        },
        "x86_64-linux": {
          "store_path": "/nix/store/9lzv270krgc2rds8sp1d2bryqy8d087l-skim-0.10.4"
        }
      }
    },
    "ssh-ident@latest": {
      "last_modified": "2023-11-02T13:29:18Z",
      "resolved": "github:NixOS/nixpkgs/b644d97bda6dae837d577e28383c10aa51e5e2d2#ssh-ident",
      "source": "devbox-search",
      "version": "2016-04-21",
      "systems": {
        "aarch64-darwin": {
          "store_path": "/nix/store/sp6w9rxxwn7fswmnlgjakyk2rzms55ag-ssh-ident-2016-04-21"
        },
        "aarch64-linux": {
          "store_path": "/nix/store/fc3knab05w0kvadbw021g8wmk94iyvb5-ssh-ident-2016-04-21"
        },
        "x86_64-darwin": {
          "store_path": "/nix/store/sj3yal5n0v61c8jnlx3ybja4vcvrsfnz-ssh-ident-2016-04-21"
        },
        "x86_64-linux": {
          "store_path": "/nix/store/iprpszhsvvaagdwz1wp00yw6qwf91cjk-ssh-ident-2016-04-21"
        }
      }
    },
    "sshpass@latest": {
      "last_modified": "2023-10-25T20:49:13Z",
      "resolved": "github:NixOS/nixpkgs/75a52265bda7fd25e06e3a67dee3f0354e73243c#sshpass",
      "source": "devbox-search",
      "version": "1.10",
      "systems": {
        "aarch64-darwin": {
          "store_path": "/nix/store/nhnii649ak024jwiqqn5vydr75v556hw-sshpass-1.10"
        },
        "aarch64-linux": {
          "store_path": "/nix/store/kwq6163g36djas8agllihylkh7cf9v4c-sshpass-1.10"
        },
        "x86_64-darwin": {
          "store_path": "/nix/store/29kvzbpqc1d0w1xdffyb834yfbsw349n-sshpass-1.10"
        },
        "x86_64-linux": {
          "store_path": "/nix/store/0byq9bbakrmvqpj0rxw08v457hjb2xja-sshpass-1.10"
        }
      }
    },
    "starship@latest": {
      "last_modified": "2023-10-25T20:49:13Z",
      "resolved": "github:NixOS/nixpkgs/75a52265bda7fd25e06e3a67dee3f0354e73243c#starship",
      "source": "devbox-search",
      "version": "1.16.0",
      "systems": {
        "aarch64-darwin": {
          "store_path": "/nix/store/nghnsma2m9hvszrvlk9sdy94da7rmd14-starship-1.16.0"
        },
        "aarch64-linux": {
          "store_path": "/nix/store/6aj9paix8kipxiwagi037qrzgky8wnks-starship-1.16.0"
        },
        "x86_64-darwin": {
          "store_path": "/nix/store/csn49x255kypkxmzmrzi2lwcld9cwf3y-starship-1.16.0"
        },
        "x86_64-linux": {
          "store_path": "/nix/store/ll1ikvr3fwiwd40avpw7cp9q38dd7j1m-starship-1.16.0"
        }
      }
    },
    "tealdeer@latest": {
      "last_modified": "2023-10-25T20:49:13Z",
      "resolved": "github:NixOS/nixpkgs/75a52265bda7fd25e06e3a67dee3f0354e73243c#tealdeer",
      "source": "devbox-search",
      "version": "1.6.1",
      "systems": {
        "aarch64-darwin": {
          "store_path": "/nix/store/24ajznyylhxh7gcbhc2a6ccfn9wlz8xx-tealdeer-1.6.1"
        },
        "aarch64-linux": {
          "store_path": "/nix/store/4kndx7ffaa614s8psm07iynlrf76rl6g-tealdeer-1.6.1"
        },
        "x86_64-darwin": {
          "store_path": "/nix/store/an5if1xq1hqx3vfk7p7q03v067df9vm0-tealdeer-1.6.1"
        },
        "x86_64-linux": {
          "store_path": "/nix/store/gqc396yqs9xjmxq0xwy8gqyz8nkfxz03-tealdeer-1.6.1"
        }
      }
    },
    "tmux@latest": {
      "last_modified": "2022-06-07T02:20:12Z",
      "resolved": "github:NixOS/nixpkgs/d23be02c22add83d28588ac164dcbac733305b04#tmux",
      "source": "devbox-search",
      "version": "3.3",
      "systems": {
        "aarch64-darwin": {
          "store_path": "/nix/store/5cjql2qsrry8py5nxbc582v6ygplyq15-tmux-3.3"
        },
        "aarch64-linux": {
          "store_path": "/nix/store/d3w6mamrvhfklcqpdqzaxs2w0crf04i8-tmux-3.3"
        },
        "x86_64-darwin": {
          "store_path": "/nix/store/gsv76cwg8ss0inizmjnfwgwkyxzpwgzl-tmux-3.3"
        },
        "x86_64-linux": {
          "store_path": "/nix/store/qr266qpqrlfzm39ak93dx7h8iwnndmk2-tmux-3.3"
        }
      }
    },
    "tmuxp@latest": {
      "last_modified": "2023-10-26T16:08:14Z",
      "resolved": "github:NixOS/nixpkgs/808c0d8c53c7ae50f82aca8e7df263225cf235bf#tmuxp",
      "source": "devbox-search",
      "version": "1.29.0",
      "systems": {
        "aarch64-darwin": {
          "store_path": "/nix/store/na4b1jynni90zkr0d0k5nq5x0l91h97k-tmuxp-1.29.0"
        },
        "aarch64-linux": {
          "store_path": "/nix/store/chw0m6l28pk2lclqlgiyrhbf3mnibylp-tmuxp-1.29.0"
        },
        "x86_64-darwin": {
          "store_path": "/nix/store/d95rjlx30dxd9yxjyp55r8palhnzy69d-tmuxp-1.29.0"
        },
        "x86_64-linux": {
          "store_path": "/nix/store/rs0arqpjdmfbyi2q9rzlv14jm0804yf0-tmuxp-1.29.0"
        }
      }
    },
    "tree-sitter@latest": {
      "last_modified": "2023-10-25T20:49:13Z",
      "resolved": "github:NixOS/nixpkgs/75a52265bda7fd25e06e3a67dee3f0354e73243c#tree-sitter",
      "source": "devbox-search",
      "version": "0.20.8",
      "systems": {
        "aarch64-darwin": {
          "store_path": "/nix/store/l45dv72lljm6lr94qk2d3qdz4i7z9k6d-tree-sitter-0.20.8"
        },
        "aarch64-linux": {
          "store_path": "/nix/store/xnyl4dkf81lmvngl9m6qah8rdbfp97vs-tree-sitter-0.20.8"
        },
        "x86_64-darwin": {
          "store_path": "/nix/store/4i43nhcd6qfbzh89hbr3829fjh7ijbg3-tree-sitter-0.20.8"
        },
        "x86_64-linux": {
          "store_path": "/nix/store/ypihwg3v25ipp6i2lpc4dpfx41bfmf86-tree-sitter-0.20.8"
        }
      }
    },
    "tree@latest": {
      "last_modified": "2023-10-25T20:49:13Z",
      "resolved": "github:NixOS/nixpkgs/75a52265bda7fd25e06e3a67dee3f0354e73243c#tree",
      "source": "devbox-search",
      "version": "2.1.1",
      "systems": {
        "aarch64-darwin": {
          "store_path": "/nix/store/gjpn24490s7isxi5k1j0qfl3xk06lb48-tree-2.1.1"
        },
        "aarch64-linux": {
          "store_path": "/nix/store/n79cprcca2fv3sqb39w50xvzdh6vrgny-tree-2.1.1"
        },
        "x86_64-darwin": {
          "store_path": "/nix/store/srsazxfiqddzr7r0mrj9jgllznnmg3qd-tree-2.1.1"
        },
        "x86_64-linux": {
          "store_path": "/nix/store/yycvyprdbqhbphn1vp7jjbk5shk7kkcz-tree-2.1.1"
        }
      }
    },
    "unzip@latest": {
      "last_modified": "2023-10-25T20:49:13Z",
      "resolved": "github:NixOS/nixpkgs/75a52265bda7fd25e06e3a67dee3f0354e73243c#unzip",
      "source": "devbox-search",
      "version": "6.0",
      "systems": {
        "aarch64-darwin": {
          "store_path": "/nix/store/lc06gja1nwkmqi20x0ckghphbkx7dp99-unzip-6.0"
        },
        "aarch64-linux": {
          "store_path": "/nix/store/5vbmpd7k56whlvbg884hhvn5hy2dl2j0-unzip-6.0"
        },
        "x86_64-darwin": {
          "store_path": "/nix/store/c6y6v83alrb8hg2p14z5zgmhdk0pvymw-unzip-6.0"
        },
        "x86_64-linux": {
          "store_path": "/nix/store/8ksjsax1pyzpk416g3n112nij5g5zzm8-unzip-6.0"
        }
      }
    },
    "wget@latest": {
      "last_modified": "2023-10-25T20:49:13Z",
      "resolved": "github:NixOS/nixpkgs/75a52265bda7fd25e06e3a67dee3f0354e73243c#wget",
      "source": "devbox-search",
      "version": "1.21.4",
      "systems": {
        "aarch64-darwin": {
          "store_path": "/nix/store/y2a3svxjvmwrqikc2g5sm1vaqhyb704x-wget-1.21.4"
        },
        "aarch64-linux": {
          "store_path": "/nix/store/qrk8ji5dgwpn3zrcy0bbv35kki3xk5ns-wget-1.21.4"
        },
        "x86_64-darwin": {
          "store_path": "/nix/store/swq00dnzi6548arh2blixxfbswz6dcpf-wget-1.21.4"
        },
        "x86_64-linux": {
          "store_path": "/nix/store/klzd1ddqw1xhs9pr33qxh99zv17a435n-wget-1.21.4"
        }
      }
    },
    "yq@latest": {
      "last_modified": "2023-11-05T03:42:12Z",
      "resolved": "github:NixOS/nixpkgs/15492ddc2974ba426ea7e17116ea7aa44fc96dcd#yq",
      "source": "devbox-search",
      "version": "3.2.3",
      "systems": {
        "aarch64-darwin": {
          "store_path": "/nix/store/46vfzz5ks2ri506h7qh6xwsz0x7laq17-python3.11-yq-3.2.3"
        },
        "aarch64-linux": {
          "store_path": "/nix/store/z2xcx60v094wg0s1mx1vp9b8bg5fkqa8-python3.11-yq-3.2.3"
        },
        "x86_64-darwin": {
          "store_path": "/nix/store/y6rqppf6qrydc0040qqllg3fw7n338v4-python3.11-yq-3.2.3"
        },
        "x86_64-linux": {
          "store_path": "/nix/store/grzwjhjvjrnq8xg1j8b62ryihpr322b0-python3.11-yq-3.2.3"
        }
      }
    },
    "zellij@latest": {
      "last_modified": "2023-10-25T20:49:13Z",
      "resolved": "github:NixOS/nixpkgs/75a52265bda7fd25e06e3a67dee3f0354e73243c#zellij",
      "source": "devbox-search",
      "version": "0.38.2",
      "systems": {
        "aarch64-darwin": {
          "store_path": "/nix/store/ryy0x0vv066z15mrz04jw8pj3ws7g4cr-zellij-0.38.2"
        },
        "aarch64-linux": {
          "store_path": "/nix/store/syqvlp7q62004yhb1zm1p741rqh1k2x1-zellij-0.38.2"
        },
        "x86_64-darwin": {
          "store_path": "/nix/store/yc34ym66g8d1aa79lq9sfqwndry4jqxh-zellij-0.38.2"
        },
        "x86_64-linux": {
          "store_path": "/nix/store/yjxniz4hgsz1fjp0afs7vj9m4l6cwxaw-zellij-0.38.2"
        }
      }
    },
    "zoxide@latest": {
      "last_modified": "2023-10-25T20:49:13Z",
      "resolved": "github:NixOS/nixpkgs/75a52265bda7fd25e06e3a67dee3f0354e73243c#zoxide",
      "source": "devbox-search",
      "version": "0.9.2",
      "systems": {
        "aarch64-darwin": {
          "store_path": "/nix/store/i3asw66v3xw74fwsv2pilzd96vs5bq63-zoxide-0.9.2"
        },
        "aarch64-linux": {
          "store_path": "/nix/store/b37r6ah3nqmxdbf5p7rrz0kj8507hmak-zoxide-0.9.2"
        },
        "x86_64-darwin": {
          "store_path": "/nix/store/lja6d8whlp0njbbgnlsd5p5wdswxb780-zoxide-0.9.2"
        },
        "x86_64-linux": {
          "store_path": "/nix/store/fx27pgyarqqx3zbhxibmyx2q6nh526jn-zoxide-0.9.2"
        }
      }
    },
    "zsh-autosuggestions@latest": {
      "last_modified": "2023-10-25T20:49:13Z",
      "resolved": "github:NixOS/nixpkgs/75a52265bda7fd25e06e3a67dee3f0354e73243c#zsh-autosuggestions",
      "source": "devbox-search",
      "version": "0.7.0",
      "systems": {
        "aarch64-darwin": {
          "store_path": "/nix/store/nxr0sm0v580rprpqjx28cg69naax3vwl-zsh-autosuggestions-0.7.0"
        },
        "aarch64-linux": {
          "store_path": "/nix/store/qf6qdcl5alpys1ci7a7spzm4ws8s9dvs-zsh-autosuggestions-0.7.0"
        },
        "x86_64-darwin": {
          "store_path": "/nix/store/ls6j89anymkyag9nj5238nhfs84wy7j7-zsh-autosuggestions-0.7.0"
        },
        "x86_64-linux": {
          "store_path": "/nix/store/m98ifxg7im0pc48iblbr0i2ws81mdm9x-zsh-autosuggestions-0.7.0"
        }
      }
    },
    "zsh-completions@latest": {
      "last_modified": "2023-10-25T20:49:13Z",
      "resolved": "github:NixOS/nixpkgs/75a52265bda7fd25e06e3a67dee3f0354e73243c#zsh-completions",
      "source": "devbox-search",
      "version": "0.35.0",
      "systems": {
        "aarch64-darwin": {
          "store_path": "/nix/store/zdb0jn5rx79x06svj31i1xfp2inshb1d-zsh-completions-0.35.0"
        },
        "aarch64-linux": {
          "store_path": "/nix/store/djdadziqj82iq3w5fizxzjx0wmzlc6gj-zsh-completions-0.35.0"
        },
        "x86_64-darwin": {
          "store_path": "/nix/store/7ndrsw5a4r8id1zjj94sm7n1xparcm70-zsh-completions-0.35.0"
        },
        "x86_64-linux": {
          "store_path": "/nix/store/pxvmsxrcg2329rqbabn3nqqlvvvnjkw1-zsh-completions-0.35.0"
        }
      }
    },
    "zsh-syntax-highlighting@latest": {
      "last_modified": "2023-10-25T20:49:13Z",
      "resolved": "github:NixOS/nixpkgs/75a52265bda7fd25e06e3a67dee3f0354e73243c#zsh-syntax-highlighting",
      "source": "devbox-search",
      "version": "0.7.1",
      "systems": {
        "aarch64-darwin": {
          "store_path": "/nix/store/c0mk9zl1v8d0nix303fgfkb4b5x79728-zsh-syntax-highlighting-0.7.1"
        },
        "aarch64-linux": {
          "store_path": "/nix/store/wplypzsnsd7796xsvp228swygssxr2bn-zsh-syntax-highlighting-0.7.1"
        },
        "x86_64-darwin": {
          "store_path": "/nix/store/fqcaf2ikz94nhab3dzybqcdzy73sgbkc-zsh-syntax-highlighting-0.7.1"
        },
        "x86_64-linux": {
          "store_path": "/nix/store/lb4l7x2a2qx27pqk9rkir6zfjbzq8ik8-zsh-syntax-highlighting-0.7.1"
        }
      }
    },
    "zsh@latest": {
      "last_modified": "2023-11-05T03:42:12Z",
      "resolved": "github:NixOS/nixpkgs/15492ddc2974ba426ea7e17116ea7aa44fc96dcd#zsh",
      "source": "devbox-search",
      "version": "5.9",
      "systems": {
        "aarch64-darwin": {
          "store_path": "/nix/store/3j13fydymk9xpw0k8rihxhicqj4v22c2-zsh-5.9"
        },
        "aarch64-linux": {
          "store_path": "/nix/store/z5nv3l2qq0jxpb95j5j3c4ip2jha8f07-zsh-5.9"
        },
        "x86_64-darwin": {
          "store_path": "/nix/store/2x35r94jf3w7qwfvbli0myvas21a4h55-zsh-5.9"
        },
        "x86_64-linux": {
          "store_path": "/nix/store/6j0z9mfl6qwz1ra3zdi8b5syjnf5pw2l-zsh-5.9"
        }
      }
    }
  }
}
