{
  "lockfile_version": "1",
  "packages": {
    "bat@latest": {
      "last_modified": "2023-09-27T18:02:17Z",
      "resolved": "github:NixOS/nixpkgs/517501bcf14ae6ec47efd6a17dda0ca8e6d866f9#bat",
      "source": "devbox-search",
      "version": "0.23.0",
      "systems": {
        "aarch64-darwin": {
          "store_path": "/nix/store/dlgf6vmrn7ja13x8i6l7cvz6drxnfbyr-bat-0.23.0"
        },
        "aarch64-linux": {
          "store_path": "/nix/store/zzb6zc8l3wa3f4x20vzi3h506fmxhi5y-bat-0.23.0"
        },
        "x86_64-darwin": {
          "store_path": "/nix/store/q24qr21pp4xdlykzlgx5qaqkgg7chqnq-bat-0.23.0"
        },
        "x86_64-linux": {
          "store_path": "/nix/store/sbfvx7mh4g90m0mjslp0hmykma2lqrs4-bat-0.23.0"
        }
      }
    },
    "cargo@latest": {
      "last_modified": "2023-09-27T18:02:17Z",
      "resolved": "github:NixOS/nixpkgs/517501bcf14ae6ec47efd6a17dda0ca8e6d866f9#cargo",
      "source": "devbox-search",
      "version": "1.72.0",
      "systems": {
        "aarch64-darwin": {
          "store_path": "/nix/store/8mdcavvgk4jf5blq6mspls97iki29l38-cargo-1.72.0"
        },
        "aarch64-linux": {
          "store_path": "/nix/store/6ki98dyzaq54nbpcwrald7ji8n37vhai-cargo-1.72.0"
        },
        "x86_64-darwin": {
          "store_path": "/nix/store/i59ad991wh2xi7fy3dq6ncjra7pv3rcm-cargo-1.72.0"
        },
        "x86_64-linux": {
          "store_path": "/nix/store/9vxskkmmmqh2r72x63g2rr7vf93da577-cargo-1.72.0"
        }
      }
    },
    "cmake@latest": {
      "last_modified": "2023-09-27T18:02:17Z",
      "resolved": "github:NixOS/nixpkgs/517501bcf14ae6ec47efd6a17dda0ca8e6d866f9#cmake",
      "source": "devbox-search",
      "version": "3.26.4",
      "systems": {
        "aarch64-darwin": {
          "store_path": "/nix/store/2jxr49h8mx20079xvgrzicwk1cfnl0cl-cmake-3.26.4"
        },
        "aarch64-linux": {
          "store_path": "/nix/store/y749glp3j8x5dkmr5rbi9li6vpwj3iwy-cmake-3.26.4"
        },
        "x86_64-darwin": {
          "store_path": "/nix/store/zb41b8ydiacljd0cz9p7b11az01sda6r-cmake-3.26.4"
        },
        "x86_64-linux": {
          "store_path": "/nix/store/yi235g10sp8jx939zpfli0s74154ph3v-cmake-3.26.4"
        }
      }
    },
    "curl@latest": {
      "last_modified": "2023-10-04T11:30:54Z",
      "resolved": "github:NixOS/nixpkgs/7131f3c223a2d799568e4b278380cd9dac2b8579#curl",
      "source": "devbox-search",
      "version": "8.3.0",
      "systems": {
        "aarch64-darwin": {
          "store_path": "/nix/store/v95bszfrgyzvgai6fnxwkdxsrhs941lc-curl-8.3.0-bin"
        },
        "aarch64-linux": {
          "store_path": "/nix/store/k3yxgmla46dxciq911g84rwnb6rkxkih-curl-8.3.0-bin"
        },
        "x86_64-darwin": {
          "store_path": "/nix/store/q9v7mb3gmafzrvx2q505vv90ax77br45-curl-8.3.0-bin"
        },
        "x86_64-linux": {
          "store_path": "/nix/store/yiip8b2ks99ixn5jf9jlx0bsxl5r2h2m-curl-8.3.0-bin"
        }
      }
    },
    "fd@latest": {
      "last_modified": "2023-09-27T18:02:17Z",
      "resolved": "github:NixOS/nixpkgs/517501bcf14ae6ec47efd6a17dda0ca8e6d866f9#fd",
      "source": "devbox-search",
      "version": "8.7.0",
      "systems": {
        "aarch64-darwin": {
          "store_path": "/nix/store/37v4i96ml5hdwzq2j1ka9yc7czyj3w4h-fd-8.7.0"
        },
        "aarch64-linux": {
          "store_path": "/nix/store/r8nw7dhhv0nhvjx15id743r7kay1anfi-fd-8.7.0"
        },
        "x86_64-darwin": {
          "store_path": "/nix/store/327q46i7msds8vqirm2zlvapvjbfcjzp-fd-8.7.0"
        },
        "x86_64-linux": {
          "store_path": "/nix/store/mbh33v142i0w92zlia4pw2jn905m0fff-fd-8.7.0"
        }
      }
    },
    "fzf@latest": {
      "last_modified": "2023-09-27T18:02:17Z",
      "resolved": "github:NixOS/nixpkgs/517501bcf14ae6ec47efd6a17dda0ca8e6d866f9#fzf",
      "source": "devbox-search",
      "version": "0.42.0",
      "systems": {
        "aarch64-darwin": {
          "store_path": "/nix/store/rh3myzb420w2wiaz0wkg5s2il4bf8dpz-fzf-0.42.0"
        },
        "aarch64-linux": {
          "store_path": "/nix/store/654vahwhlmisa8lnpzzfbafps0lbkpvr-fzf-0.42.0"
        },
        "x86_64-darwin": {
          "store_path": "/nix/store/nzkmirdy7pa35z0vbldp29aqbc2wfjfl-fzf-0.42.0"
        },
        "x86_64-linux": {
          "store_path": "/nix/store/w1g37hv5k1h77wlxraq6ci0dbbcxhiir-fzf-0.42.0"
        }
      }
    },
    "gh@latest": {
      "last_modified": "2023-09-27T18:02:17Z",
      "resolved": "github:NixOS/nixpkgs/517501bcf14ae6ec47efd6a17dda0ca8e6d866f9#gh",
      "source": "devbox-search",
      "version": "2.35.0",
      "systems": {
        "aarch64-darwin": {
          "store_path": "/nix/store/za7i9b1gbndipww4lh0yhv1w24kry33d-gh-2.35.0"
        },
        "aarch64-linux": {
          "store_path": "/nix/store/hkq6fdi5h6hvdnjdwh7vwa7d3hmrshg1-gh-2.35.0"
        },
        "x86_64-darwin": {
          "store_path": "/nix/store/sqyyp5yvs2j5gx5dmrcnjrjv1dcpsnr1-gh-2.35.0"
        },
        "x86_64-linux": {
          "store_path": "/nix/store/wysbdcdny1w7ap19z1znd1sadzzvn39b-gh-2.35.0"
        }
      }
    },
    "go@latest": {
      "last_modified": "2023-09-27T18:02:17Z",
      "resolved": "github:NixOS/nixpkgs/517501bcf14ae6ec47efd6a17dda0ca8e6d866f9#go_1_21",
      "source": "devbox-search",
      "version": "1.21.1",
      "systems": {
        "aarch64-darwin": {
          "store_path": "/nix/store/s1xk6hrfn0kw8ycvqbx4vv4gr00k6qpl-go-1.21.1"
        },
        "aarch64-linux": {
          "store_path": "/nix/store/id3ygqxp1hvbh7dyjlwngx53fvcpqg84-go-1.21.1"
        },
        "x86_64-darwin": {
          "store_path": "/nix/store/yn0g820ayb963s0i4nnw9pf72l49kkg0-go-1.21.1"
        },
        "x86_64-linux": {
          "store_path": "/nix/store/pvvv2lmx9m8b2n0447mljrl5xmla8r3h-go-1.21.1"
        }
      }
    },
    "htop@latest": {
      "last_modified": "2023-09-27T18:02:17Z",
      "resolved": "github:NixOS/nixpkgs/517501bcf14ae6ec47efd6a17dda0ca8e6d866f9#htop",
      "source": "devbox-search",
      "version": "3.2.2",
      "systems": {
        "aarch64-darwin": {
          "store_path": "/nix/store/v11023nyvwb3j3v3dd80hlcxv93gcwnf-htop-3.2.2"
        },
        "aarch64-linux": {
          "store_path": "/nix/store/qy628if6z06nyn118jxfc0h1cy3zg276-htop-3.2.2"
        },
        "x86_64-darwin": {
          "store_path": "/nix/store/blix0is80dcsbzvv9xsr9kpp488bkjmg-htop-3.2.2"
        },
        "x86_64-linux": {
          "store_path": "/nix/store/hgpfkbvyj6fcji2nxic23ayslydfd1ch-htop-3.2.2"
        }
      }
    },
    "keychain@latest": {
      "last_modified": "2023-09-27T18:02:17Z",
      "resolved": "github:NixOS/nixpkgs/517501bcf14ae6ec47efd6a17dda0ca8e6d866f9#keychain",
      "source": "devbox-search",
      "version": "2.8.5",
      "systems": {
        "aarch64-darwin": {
          "store_path": "/nix/store/rvk6822mbjx9dmnbvvwx6d4pcbh5cyz8-keychain-2.8.5"
        },
        "aarch64-linux": {
          "store_path": "/nix/store/5khxhi4grjqfvgb5wp977nj2f3v5xgf0-keychain-2.8.5"
        },
        "x86_64-darwin": {
          "store_path": "/nix/store/sisvmwyx4jax5fa9v33nxwhm4az9khcj-keychain-2.8.5"
        },
        "x86_64-linux": {
          "store_path": "/nix/store/v8bpr5lly2wlvwrqbm1fiy16x6v9z2w2-keychain-2.8.5"
        }
      }
    },
    "lazydocker@latest": {
      "last_modified": "2023-09-27T18:02:17Z",
      "resolved": "github:NixOS/nixpkgs/517501bcf14ae6ec47efd6a17dda0ca8e6d866f9#lazydocker",
      "source": "devbox-search",
      "version": "0.21.1",
      "systems": {
        "aarch64-darwin": {
          "store_path": "/nix/store/cc9hx79ch7bg71ygzhg63cdlrlcplmkv-lazydocker-0.21.1"
        },
        "aarch64-linux": {
          "store_path": "/nix/store/46akfvg4sj12r5bw29sff3bg963paxda-lazydocker-0.21.1"
        },
        "x86_64-darwin": {
          "store_path": "/nix/store/8k35wik9hvbkps5vpy6k484q301s6prg-lazydocker-0.21.1"
        },
        "x86_64-linux": {
          "store_path": "/nix/store/k27kn4lw45a2w7p61cgfcif4p6w81l3j-lazydocker-0.21.1"
        }
      }
    },
    "lazygit@latest": {
      "last_modified": "2023-09-27T18:02:17Z",
      "resolved": "github:NixOS/nixpkgs/517501bcf14ae6ec47efd6a17dda0ca8e6d866f9#lazygit",
      "source": "devbox-search",
      "version": "0.40.2",
      "systems": {
        "aarch64-darwin": {
          "store_path": "/nix/store/qfb0lj2dzx3hcf6nkizh0zalzp3jfgpj-lazygit-0.40.2"
        },
        "aarch64-linux": {
          "store_path": "/nix/store/l21vapfi1cyy0qflzv58yfsyp98whzws-lazygit-0.40.2"
        },
        "x86_64-darwin": {
          "store_path": "/nix/store/v1wzsjs6bpgl54qiyi7rsvsrbiafdh1i-lazygit-0.40.2"
        },
        "x86_64-linux": {
          "store_path": "/nix/store/bla8nsbr9pbp63ss69djhr1bqg4q3ivi-lazygit-0.40.2"
        }
      }
    },
    "libiconv@latest": {
      "last_modified": "2023-09-27T18:02:17Z",
      "resolved": "github:NixOS/nixpkgs/517501bcf14ae6ec47efd6a17dda0ca8e6d866f9#libiconv",
      "source": "devbox-search",
      "version": "50",
      "systems": {
        "aarch64-darwin": {
          "store_path": "/nix/store/02jndc2wwsfigf12wv53k8zwyfvwl9gf-libiconv-50"
        },
        "x86_64-darwin": {
          "store_path": "/nix/store/9y7gq06wk496bkk4j8iphl5gd4jxgwaa-libiconv-50"
        }
      }
    },
    "neovim@latest": {
      "last_modified": "2023-10-04T02:19:08Z",
      "resolved": "github:NixOS/nixpkgs/d1c9180c6d1f8fce9469436f48c1cb8180d7087d#neovim",
      "source": "devbox-search",
      "version": "0.9.2",
      "systems": {
        "aarch64-darwin": {
          "store_path": "/nix/store/i5dnk45r3qg8378w2ir28hwxddd9idx4-neovim-0.9.2"
        },
        "aarch64-linux": {
          "store_path": "/nix/store/6vjldy8cj7rkx6pp57rfhbhdwddkvq86-neovim-0.9.2"
        },
        "x86_64-darwin": {
          "store_path": "/nix/store/vac9h51x50fmcbpxkyxq1x3asyk7y19a-neovim-0.9.2"
        },
        "x86_64-linux": {
          "store_path": "/nix/store/db2ncymjn3x10yfzzj97xwqvl08x9a70-neovim-0.9.2"
        }
      }
    },
    "nodejs@latest": {
      "last_modified": "2023-09-29T17:45:58Z",
      "resolved": "github:NixOS/nixpkgs/c182df2e68bd97deb32c7e4765adfbbbcaf75b60#nodejs_20",
      "source": "devbox-search",
      "version": "20.8.0",
      "systems": {
        "aarch64-darwin": {
          "store_path": "/nix/store/cwl9zcngdc1b9dqgn1p23qbnj37mza6p-nodejs-20.8.0"
        },
        "aarch64-linux": {
          "store_path": "/nix/store/cf141wabmcpx2ib2wdqcjbjrg9568xz0-nodejs-20.8.0"
        },
        "x86_64-darwin": {
          "store_path": "/nix/store/la42z3d436pb6apd14qpplmp5ka3xvg1-nodejs-20.8.0"
        },
        "x86_64-linux": {
          "store_path": "/nix/store/qs5b5msb3jj13140k7ffqx39bphanghg-nodejs-20.8.0"
        }
      }
    },
    "ntfy-sh@latest": {
      "last_modified": "2023-10-08T00:43:42Z",
      "resolved": "github:NixOS/nixpkgs/5aabb5780a11c500981993d49ee93cfa6df9307b#ntfy-sh",
      "source": "devbox-search",
      "version": "2.7.0",
      "systems": {
        "aarch64-darwin": {
          "store_path": "/nix/store/0218aa69r6gr1zaj3pv128q9hlcd0wfb-ntfy-sh-2.7.0"
        },
        "aarch64-linux": {
          "store_path": "/nix/store/afm8ap21ll66zcpl6jnhvkxb4b9ca1z9-ntfy-sh-2.7.0"
        },
        "x86_64-darwin": {
          "store_path": "/nix/store/61pfjayzgnq6xj926y0mchdlfax49j94-ntfy-sh-2.7.0"
        },
        "x86_64-linux": {
          "store_path": "/nix/store/n8lxphpdn38mkqhpida0kr95b93yzwk8-ntfy-sh-2.7.0"
        }
      }
    },
    "parallel@latest": {
      "last_modified": "2023-09-27T18:02:17Z",
      "resolved": "github:NixOS/nixpkgs/517501bcf14ae6ec47efd6a17dda0ca8e6d866f9#parallel",
      "source": "devbox-search",
      "version": "20230822",
      "systems": {
        "aarch64-darwin": {
          "store_path": "/nix/store/kqd1dq1w1p0cincis81kbkvj6076a9l3-parallel-20230822"
        },
        "aarch64-linux": {
          "store_path": "/nix/store/b24z0a72xqkcdpyq3qg6znxd9yk86wi6-parallel-20230822"
        },
        "x86_64-darwin": {
          "store_path": "/nix/store/d0xa7j1kiir9ycmpald6rp4qc0dykfnl-parallel-20230822"
        },
        "x86_64-linux": {
          "store_path": "/nix/store/zwz1j8ll48b5gibb6x543hplgbn1vbdd-parallel-20230822"
        }
      }
    },
    "rbw@latest": {
      "last_modified": "2023-09-27T18:02:17Z",
      "resolved": "github:NixOS/nixpkgs/517501bcf14ae6ec47efd6a17dda0ca8e6d866f9#rbw",
      "source": "devbox-search",
      "version": "1.8.3",
      "systems": {
        "aarch64-darwin": {
          "store_path": "/nix/store/7lv7zmpkwpd9yflv9h2pqg5vaniq8960-rbw-1.8.3"
        },
        "aarch64-linux": {
          "store_path": "/nix/store/bg975ymf93pf0dfk23jm4m7500cc47cq-rbw-1.8.3"
        },
        "x86_64-darwin": {
          "store_path": "/nix/store/7xkiy824lnrk5di8vp63zjd1mviclr9q-rbw-1.8.3"
        },
        "x86_64-linux": {
          "store_path": "/nix/store/y8m3v5j78v01whlxig968m7bzs5i284s-rbw-1.8.3"
        }
      }
    },
    "ripgrep@latest": {
      "last_modified": "2023-09-27T18:02:17Z",
      "resolved": "github:NixOS/nixpkgs/517501bcf14ae6ec47efd6a17dda0ca8e6d866f9#ripgrep",
      "source": "devbox-search",
      "version": "13.0.0",
      "systems": {
        "aarch64-darwin": {
          "store_path": "/nix/store/sp9kjwv3w70fmqif654bvvi536nkk1p4-ripgrep-13.0.0"
        },
        "aarch64-linux": {
          "store_path": "/nix/store/6gd2yc165816xn81grr8q1401jhgk6mj-ripgrep-13.0.0"
        },
        "x86_64-darwin": {
          "store_path": "/nix/store/86sbapczh5mwpsjxjzv0yiyyk7knnjyl-ripgrep-13.0.0"
        },
        "x86_64-linux": {
          "store_path": "/nix/store/pdi30qh576mpk6bjmixkgvqls481cj15-ripgrep-13.0.0"
        }
      }
    },
    "rsync@latest": {
      "last_modified": "2023-09-27T18:02:17Z",
      "resolved": "github:NixOS/nixpkgs/517501bcf14ae6ec47efd6a17dda0ca8e6d866f9#rsync",
      "source": "devbox-search",
      "version": "3.2.7",
      "systems": {
        "aarch64-darwin": {
          "store_path": "/nix/store/s76fp807gpk99zj1yi6ny6km7vhymydw-rsync-3.2.7"
        },
        "aarch64-linux": {
          "store_path": "/nix/store/bkycdpc2nfc9h2037gg844sah5sf0390-rsync-3.2.7"
        },
        "x86_64-darwin": {
          "store_path": "/nix/store/8c02a5d563yaa6f8bgvg71263f5rwjh8-rsync-3.2.7"
        },
        "x86_64-linux": {
          "store_path": "/nix/store/0s2bzpml283zkfnhw7qi5qy1zlisffxj-rsync-3.2.7"
        }
      }
    },
    "rustup@latest": {
      "last_modified": "2023-09-27T18:02:17Z",
      "plugin_version": "0.0.1",
      "resolved": "github:NixOS/nixpkgs/517501bcf14ae6ec47efd6a17dda0ca8e6d866f9#rustup",
      "source": "devbox-search",
      "version": "1.26.0",
      "systems": {
        "aarch64-darwin": {
          "store_path": "/nix/store/wwvj17ybcisy8kd8n1jh403v63c0i3ki-rustup-1.26.0"
        },
        "aarch64-linux": {
          "store_path": "/nix/store/c7fvdp7hi4kwahmp0211z79skf2vgwwc-rustup-1.26.0"
        },
        "x86_64-darwin": {
          "store_path": "/nix/store/5wiawj50fdl4vnvx8dz93lbhl85cj8qs-rustup-1.26.0"
        },
        "x86_64-linux": {
          "store_path": "/nix/store/9dkpq8bpq27fhsd1d4h4hwpxhyn2zma1-rustup-1.26.0"
        }
      }
    },
    "skim@latest": {
      "last_modified": "2023-09-27T18:02:17Z",
      "resolved": "github:NixOS/nixpkgs/517501bcf14ae6ec47efd6a17dda0ca8e6d866f9#skim",
      "source": "devbox-search",
      "version": "0.10.4",
      "systems": {
        "aarch64-darwin": {
          "store_path": "/nix/store/gr8c4v6hjkqmv4cp7piyq03brxdvv237-skim-0.10.4"
        },
        "aarch64-linux": {
          "store_path": "/nix/store/b5m43z1zk4zzlmjv2bp8s4214zxkj2ga-skim-0.10.4"
        },
        "x86_64-darwin": {
          "store_path": "/nix/store/aivwizpix2md4may1ir72n9wrycwh3bj-skim-0.10.4"
        },
        "x86_64-linux": {
          "store_path": "/nix/store/ll820p1vh44v89cnfbfjymlyjbn2p6k4-skim-0.10.4"
        }
      }
    },
    "ssh-ident@latest": {
      "last_modified": "2023-10-08T00:43:42Z",
      "resolved": "github:NixOS/nixpkgs/5aabb5780a11c500981993d49ee93cfa6df9307b#ssh-ident",
      "source": "devbox-search",
      "version": "2016-04-21",
      "systems": {
        "aarch64-darwin": {
          "store_path": "/nix/store/m0nbnlamdxidqynar45mkl55w89bav6m-ssh-ident-2016-04-21"
        },
        "aarch64-linux": {
          "store_path": "/nix/store/drnxiiw30slzcih2hkvk6807kifn8rpv-ssh-ident-2016-04-21"
        },
        "x86_64-darwin": {
          "store_path": "/nix/store/5ka897aagbr59d2baz9c0f0jq110407n-ssh-ident-2016-04-21"
        },
        "x86_64-linux": {
          "store_path": "/nix/store/az1hvahcd6yw1vhcsm0jpq9wgkljlj5a-ssh-ident-2016-04-21"
        }
      }
    },
    "sshpass@latest": {
      "last_modified": "2023-09-27T18:02:17Z",
      "resolved": "github:NixOS/nixpkgs/517501bcf14ae6ec47efd6a17dda0ca8e6d866f9#sshpass",
      "source": "devbox-search",
      "version": "1.10",
      "systems": {
        "aarch64-darwin": {
          "store_path": "/nix/store/l53mfqij8a8hyzrk2qmvnsykn10fr83r-sshpass-1.10"
        },
        "aarch64-linux": {
          "store_path": "/nix/store/35i6l3rxb3blxa83bc4nmpkwh3i6jp29-sshpass-1.10"
        },
        "x86_64-darwin": {
          "store_path": "/nix/store/ba1bcbjaxv1psayk086asbbjmcqa4m3c-sshpass-1.10"
        },
        "x86_64-linux": {
          "store_path": "/nix/store/38hbz6rnp9llxmzlb4wlfhy6fbb234qf-sshpass-1.10"
        }
      }
    },
    "starship@latest": {
      "last_modified": "2022-04-14T10:09:46Z",
      "resolved": "github:NixOS/nixpkgs/6361b4941a69395ebf15e6e56b142765fce850f9#starship",
      "source": "devbox-search",
      "version": "2022-04-12",
      "systems": {
        "aarch64-darwin": {
          "store_path": "/nix/store/w21mlf6wswysn28dski217dpk6yax230-starship-unstable-2022-04-12"
        },
        "aarch64-linux": {
          "store_path": "/nix/store/5784j7jw0z7rkd5ljjxdhrazzas1r13p-starship-unstable-2022-04-12"
        },
        "x86_64-darwin": {
          "store_path": "/nix/store/ndnbq78m8l1w2dw0vkxbpnir2s4xvv2s-starship-unstable-2022-04-12"
        },
        "x86_64-linux": {
          "store_path": "/nix/store/casqar7gwrhcn79z2v2bzyv4w08ksaap-starship-unstable-2022-04-12"
        }
      }
    },
    "tealdeer@latest": {
      "last_modified": "2023-09-27T18:02:17Z",
      "resolved": "github:NixOS/nixpkgs/517501bcf14ae6ec47efd6a17dda0ca8e6d866f9#tealdeer",
      "source": "devbox-search",
      "version": "1.6.1",
      "systems": {
        "aarch64-darwin": {
          "store_path": "/nix/store/vxa92f4s1a7whdhxwnqwrrjzf10mnjp3-tealdeer-1.6.1"
        },
        "aarch64-linux": {
          "store_path": "/nix/store/833mrp6nivwmj63cgbiw92rvhd7p917f-tealdeer-1.6.1"
        },
        "x86_64-darwin": {
          "store_path": "/nix/store/zc20n03g8v03h4rv3z1sf1waca6fj71a-tealdeer-1.6.1"
        },
        "x86_64-linux": {
          "store_path": "/nix/store/yck060pk3wzh96x4naqjlyjh3cmyz7n3-tealdeer-1.6.1"
        }
      }
    },
    "tmux@latest": {
      "last_modified": "2022-06-07T02:20:12Z",
      "resolved": "github:NixOS/nixpkgs/d23be02c22add83d28588ac164dcbac733305b04#tmux",
      "source": "devbox-search",
      "version": "3.3",
      "systems": {
        "aarch64-darwin": {
          "store_path": "/nix/store/5cjql2qsrry8py5nxbc582v6ygplyq15-tmux-3.3"
        },
        "aarch64-linux": {
          "store_path": "/nix/store/d3w6mamrvhfklcqpdqzaxs2w0crf04i8-tmux-3.3"
        },
        "x86_64-darwin": {
          "store_path": "/nix/store/gsv76cwg8ss0inizmjnfwgwkyxzpwgzl-tmux-3.3"
        },
        "x86_64-linux": {
          "store_path": "/nix/store/qr266qpqrlfzm39ak93dx7h8iwnndmk2-tmux-3.3"
        }
      }
    },
    "tmuxp@latest": {
      "last_modified": "2023-09-27T18:02:17Z",
      "resolved": "github:NixOS/nixpkgs/517501bcf14ae6ec47efd6a17dda0ca8e6d866f9#tmuxp",
      "source": "devbox-search",
      "version": "1.29.0",
      "systems": {
        "aarch64-darwin": {
          "store_path": "/nix/store/lr2aq95h5sf41v9nhwrck7db5bflfcy9-tmuxp-1.29.0"
        },
        "aarch64-linux": {
          "store_path": "/nix/store/kyp9zwwykvanfmfagc89k9npwm775ygp-tmuxp-1.29.0"
        },
        "x86_64-darwin": {
          "store_path": "/nix/store/7sbw3i9kd8kdy5drqrf155j3506364r4-tmuxp-1.29.0"
        },
        "x86_64-linux": {
          "store_path": "/nix/store/ckhl9j87jb55jjlp5i1pa3vla92jaibz-tmuxp-1.29.0"
        }
      }
    },
    "tree-sitter@latest": {
      "last_modified": "2023-09-27T18:02:17Z",
      "resolved": "github:NixOS/nixpkgs/517501bcf14ae6ec47efd6a17dda0ca8e6d866f9#tree-sitter",
      "source": "devbox-search",
      "version": "0.20.8",
      "systems": {
        "aarch64-darwin": {
          "store_path": "/nix/store/z27ic4rjy6glqw9x2hnlan98awbca82i-tree-sitter-0.20.8"
        },
        "aarch64-linux": {
          "store_path": "/nix/store/wri9qzdx0m3rr4s670dwx5bwxr1mafzj-tree-sitter-0.20.8"
        },
        "x86_64-darwin": {
          "store_path": "/nix/store/fykywfklalfhcz71zlacsxwpyvhia0jr-tree-sitter-0.20.8"
        },
        "x86_64-linux": {
          "store_path": "/nix/store/vrh9dqfsb52q3z4gc5hpmlyi0rssfla1-tree-sitter-0.20.8"
        }
      }
    },
    "tree@latest": {
      "last_modified": "2023-09-27T18:02:17Z",
      "resolved": "github:NixOS/nixpkgs/517501bcf14ae6ec47efd6a17dda0ca8e6d866f9#tree",
      "source": "devbox-search",
      "version": "2.1.1",
      "systems": {
        "aarch64-darwin": {
          "store_path": "/nix/store/p308438199pql72vpq199pmmfad097df-tree-2.1.1"
        },
        "aarch64-linux": {
          "store_path": "/nix/store/vyhh39smzzgh70fm6b0z1mirvfwr9h02-tree-2.1.1"
        },
        "x86_64-darwin": {
          "store_path": "/nix/store/30kh2bcvjnh1shk3pibkn31618bap6yg-tree-2.1.1"
        },
        "x86_64-linux": {
          "store_path": "/nix/store/6dqjmq93jq7m11y1wls6q00c8r22y5xh-tree-2.1.1"
        }
      }
    },
    "wget@latest": {
      "last_modified": "2023-09-27T18:02:17Z",
      "resolved": "github:NixOS/nixpkgs/517501bcf14ae6ec47efd6a17dda0ca8e6d866f9#wget",
      "source": "devbox-search",
      "version": "1.21.4",
      "systems": {
        "aarch64-darwin": {
          "store_path": "/nix/store/bcsp1gkmix88adz0ik33y0a16p97d53n-wget-1.21.4"
        },
        "aarch64-linux": {
          "store_path": "/nix/store/4jj0bks94clk9bpg2d9pbfs8xg9hhisi-wget-1.21.4"
        },
        "x86_64-darwin": {
          "store_path": "/nix/store/0aqfdnjqzjyyf9cq1gdzjpajn97hrb5k-wget-1.21.4"
        },
        "x86_64-linux": {
          "store_path": "/nix/store/g7hr76vc0bi7lb0qf9izvrblf0vh94m2-wget-1.21.4"
        }
      }
    },
    "yq@latest": {
      "last_modified": "2023-09-27T18:02:17Z",
      "resolved": "github:NixOS/nixpkgs/517501bcf14ae6ec47efd6a17dda0ca8e6d866f9#yq",
      "source": "devbox-search",
      "version": "3.2.3",
      "systems": {
        "aarch64-darwin": {
          "store_path": "/nix/store/cw407csxr30qzzc4fxfzxz88kv9bfvq6-python3.10-yq-3.2.3"
        },
        "aarch64-linux": {
          "store_path": "/nix/store/y5qkxaqydjy58xiad6hilvmqyrjmp61k-python3.10-yq-3.2.3"
        },
        "x86_64-darwin": {
          "store_path": "/nix/store/j0nqggn8l3fvqschpnn7wjjbk91fw58n-python3.10-yq-3.2.3"
        },
        "x86_64-linux": {
          "store_path": "/nix/store/4y1a29s0gbi446yry50lj057w2rr4d7l-python3.10-yq-3.2.3"
        }
      }
    },
    "zellij@latest": {
      "last_modified": "2023-09-27T18:02:17Z",
      "resolved": "github:NixOS/nixpkgs/517501bcf14ae6ec47efd6a17dda0ca8e6d866f9#zellij",
      "source": "devbox-search",
      "version": "0.38.2",
      "systems": {
        "aarch64-darwin": {
          "store_path": "/nix/store/p196wfq4jfbg325yahbbj540b66a65v7-zellij-0.38.2"
        },
        "aarch64-linux": {
          "store_path": "/nix/store/km9xvmh7kb30dn5pk0hmjqzmfbkgjbmn-zellij-0.38.2"
        },
        "x86_64-darwin": {
          "store_path": "/nix/store/s6adklsv0fz9sp7bfvn7lwqvppr2xgs6-zellij-0.38.2"
        },
        "x86_64-linux": {
          "store_path": "/nix/store/mqzhaz5x2jydjfv8jshxyyppk8yab5g6-zellij-0.38.2"
        }
      }
    },
    "zoxide@latest": {
      "last_modified": "2023-09-27T18:02:17Z",
      "resolved": "github:NixOS/nixpkgs/517501bcf14ae6ec47efd6a17dda0ca8e6d866f9#zoxide",
      "source": "devbox-search",
      "version": "0.9.2",
      "systems": {
        "aarch64-darwin": {
          "store_path": "/nix/store/lv2aw2vv2l120yqk2afhp0v0wlbkv979-zoxide-0.9.2"
        },
        "aarch64-linux": {
          "store_path": "/nix/store/iiwfn1gg6jkd2my75lkplv0r4k8qyw63-zoxide-0.9.2"
        },
        "x86_64-darwin": {
          "store_path": "/nix/store/piqn81vibd9477lsnbfymm9v7zv6nlc9-zoxide-0.9.2"
        },
        "x86_64-linux": {
          "store_path": "/nix/store/ry9l41973ykwxpzz4f59niw4lb0301qi-zoxide-0.9.2"
        }
      }
    },
    "zsh-autosuggestions@latest": {
      "last_modified": "2023-09-27T18:02:17Z",
      "resolved": "github:NixOS/nixpkgs/517501bcf14ae6ec47efd6a17dda0ca8e6d866f9#zsh-autosuggestions",
      "source": "devbox-search",
      "version": "0.7.0",
      "systems": {
        "aarch64-darwin": {
          "store_path": "/nix/store/i8pvy1virmj1mimf1a8vs268pkcv9alr-zsh-autosuggestions-0.7.0"
        },
        "aarch64-linux": {
          "store_path": "/nix/store/4lfc8fcnazhcd3i020dsnhvg9yk9wd4n-zsh-autosuggestions-0.7.0"
        },
        "x86_64-darwin": {
          "store_path": "/nix/store/drp78qvallszngcxj88xc2s9k81lbmm1-zsh-autosuggestions-0.7.0"
        },
        "x86_64-linux": {
          "store_path": "/nix/store/ryh2nz3k3hx9l0da5s79vp7jgnkxinvy-zsh-autosuggestions-0.7.0"
        }
      }
    },
    "zsh-completions@latest": {
      "last_modified": "2023-09-27T18:02:17Z",
      "resolved": "github:NixOS/nixpkgs/517501bcf14ae6ec47efd6a17dda0ca8e6d866f9#zsh-completions",
      "source": "devbox-search",
      "version": "0.35.0",
      "systems": {
        "aarch64-darwin": {
          "store_path": "/nix/store/idsxq6izbddjnzc4mrzh0qd78cyv1hlf-zsh-completions-0.35.0"
        },
        "aarch64-linux": {
          "store_path": "/nix/store/j4ichms93bcmplkq9vfr0h76l86csrgz-zsh-completions-0.35.0"
        },
        "x86_64-darwin": {
          "store_path": "/nix/store/mn171s3cfvkl45hnjzflmxqd5zfhm0s2-zsh-completions-0.35.0"
        },
        "x86_64-linux": {
          "store_path": "/nix/store/d080zwq5n2ssix5l7z8f5jj0f85lcl1c-zsh-completions-0.35.0"
        }
      }
    },
    "zsh-syntax-highlighting@latest": {
      "last_modified": "2023-09-27T18:02:17Z",
      "resolved": "github:NixOS/nixpkgs/517501bcf14ae6ec47efd6a17dda0ca8e6d866f9#zsh-syntax-highlighting",
      "source": "devbox-search",
      "version": "0.7.1",
      "systems": {
        "aarch64-darwin": {
          "store_path": "/nix/store/jpjz4c073licd6xjqncmqv3mdizkx6h0-zsh-syntax-highlighting-0.7.1"
        },
        "aarch64-linux": {
          "store_path": "/nix/store/8in6ys99dny87di9kpwvki6q611f9vw8-zsh-syntax-highlighting-0.7.1"
        },
        "x86_64-darwin": {
          "store_path": "/nix/store/n2la7z0mkvvc89pdp6vfq18d5k53i6p5-zsh-syntax-highlighting-0.7.1"
        },
        "x86_64-linux": {
          "store_path": "/nix/store/vq2k7fr1ma43z0pv34mkvafk5sqvvf2f-zsh-syntax-highlighting-0.7.1"
        }
      }
    },
    "zsh@latest": {
      "last_modified": "2023-09-27T18:02:17Z",
      "resolved": "github:NixOS/nixpkgs/517501bcf14ae6ec47efd6a17dda0ca8e6d866f9#zsh",
      "source": "devbox-search",
      "version": "5.9",
      "systems": {
        "aarch64-darwin": {
          "store_path": "/nix/store/plsnpw0blig4nfdvcm2rghgyc7s0xdkw-zsh-5.9"
        },
        "aarch64-linux": {
          "store_path": "/nix/store/a39m01mh9p477i3l475wp82rnb6in460-zsh-5.9"
        },
        "x86_64-darwin": {
          "store_path": "/nix/store/142236w6wwly9zn86wm8kc7ivwj437h6-zsh-5.9"
        },
        "x86_64-linux": {
          "store_path": "/nix/store/ay2pg0wlnd8rzh6zhfgqfppb330zp99s-zsh-5.9"
        }
      }
    }
  }
}
